
Microsoft Visual Studio Solution File, Format Version 12.00
# Visual Studio 15
VisualStudioVersion = 15.0.27130.2027
MinimumVisualStudioVersion = 10.0.40219.1
Project("{FAE04EC0-301F-11D3-BF4B-00C04F79EFBC}") = "BlockChain.Entities", "BlockChain.Entities\BlockChain.Entities.csproj", "{07FB1B04-BEE1-4941-B6A5-5886AB904847}"
EndProject
Project("{FAE04EC0-301F-11D3-BF4B-00C04F79EFBC}") = "BlockChain.Hashing", "BlockChain.Hashing\BlockChain.Hashing.csproj", "{04607044-6268-4BEF-806D-3D408604F63B}"
EndProject
Project("{FAE04EC0-301F-11D3-BF4B-00C04F79EFBC}") = "BlockChain.ServiceLayer", "BlockChain.ServiceLayer\BlockChain.ServiceLayer.csproj", "{97A6F410-138D-4601-AD14-198FD1977024}"
EndProject
Project("{FAE04EC0-301F-11D3-BF4B-00C04F79EFBC}") = "BlockChain.Main", "BlockChain.Main\BlockChain.Main.csproj", "{3191835B-669C-485A-A1F7-DE03A13A51FA}"
EndProject
Global
	GlobalSection(SolutionConfigurationPlatforms) = preSolution
		Debug|Any CPU = Debug|Any CPU
		Release|Any CPU = Release|Any CPU
	EndGlobalSection
	GlobalSection(ProjectConfigurationPlatforms) = postSolution
		{07FB1B04-BEE1-4941-B6A5-5886AB904847}.Debug|Any CPU.ActiveCfg = Debug|Any CPU
		{07FB1B04-BEE1-4941-B6A5-5886AB904847}.Debug|Any CPU.Build.0 = Debug|Any CPU
		{07FB1B04-BEE1-4941-B6A5-5886AB904847}.Release|Any CPU.ActiveCfg = Release|Any CPU
		{07FB1B04-BEE1-4941-B6A5-5886AB904847}.Release|Any CPU.Build.0 = Release|Any CPU
		{04607044-6268-4BEF-806D-3D408604F63B}.Debug|Any CPU.ActiveCfg = Debug|Any CPU
		{04607044-6268-4BEF-806D-3D408604F63B}.Debug|Any CPU.Build.0 = Debug|Any CPU
		{04607044-6268-4BEF-806D-3D408604F63B}.Release|Any CPU.ActiveCfg = Release|Any CPU
		{04607044-6268-4BEF-806D-3D408604F63B}.Release|Any CPU.Build.0 = Release|Any CPU
		{97A6F410-138D-4601-AD14-198FD1977024}.Debug|Any CPU.ActiveCfg = Debug|Any CPU
		{97A6F410-138D-4601-AD14-198FD1977024}.Debug|Any CPU.Build.0 = Debug|Any CPU
		{97A6F410-138D-4601-AD14-198FD1977024}.Release|Any CPU.ActiveCfg = Release|Any CPU
		{97A6F410-138D-4601-AD14-198FD1977024}.Release|Any CPU.Build.0 = Release|Any CPU
		{3191835B-669C-485A-A1F7-DE03A13A51FA}.Debug|Any CPU.ActiveCfg = Debug|Any CPU
		{3191835B-669C-485A-A1F7-DE03A13A51FA}.Debug|Any CPU.Build.0 = Debug|Any CPU
		{3191835B-669C-485A-A1F7-DE03A13A51FA}.Release|Any CPU.ActiveCfg = Release|Any CPU
		{3191835B-669C-485A-A1F7-DE03A13A51FA}.Release|Any CPU.Build.0 = Release|Any CPU
	EndGlobalSection
	GlobalSection(SolutionProperties) = preSolution
		HideSolutionNode = FALSE
	EndGlobalSection
	GlobalSection(ExtensibilityGlobals) = postSolution
		SolutionGuid = {D090DF57-9145-4311-B71B-F3EE950EF4AB}
	EndGlobalSection
EndGlobal
